// !$*UTF8*$!
{
	archiveVersion = 1;
	classes = {
	};
	objectVersion = 56;
	objects = {

/* Begin PBXBuildFile section */
		A0D742E1293A511E00977C5E /* AppDelegate.swift in Sources */ = {isa = PBXBuildFile; fileRef = A0D742E0293A511E00977C5E /* AppDelegate.swift */; };
		A0D742E3293A511E00977C5E /* SceneDelegate.swift in Sources */ = {isa = PBXBuildFile; fileRef = A0D742E2293A511E00977C5E /* SceneDelegate.swift */; };
		A0D742E5293A511E00977C5E /* HomeViewController.swift in Sources */ = {isa = PBXBuildFile; fileRef = A0D742E4293A511E00977C5E /* HomeViewController.swift */; };
		A0D742E8293A511E00977C5E /* Main.storyboard in Resources */ = {isa = PBXBuildFile; fileRef = A0D742E6293A511E00977C5E /* Main.storyboard */; };
		A0D742EA293A512100977C5E /* Assets.xcassets in Resources */ = {isa = PBXBuildFile; fileRef = A0D742E9293A512100977C5E /* Assets.xcassets */; };
		A0D742ED293A512100977C5E /* LaunchScreen.storyboard in Resources */ = {isa = PBXBuildFile; fileRef = A0D742EB293A512100977C5E /* LaunchScreen.storyboard */; };
		A0D742F8293A512200977C5E /* bell_assignmentTests.swift in Sources */ = {isa = PBXBuildFile; fileRef = A0D742F7293A512200977C5E /* bell_assignmentTests.swift */; };
		A0D74302293A512200977C5E /* bell_assignmentUITests.swift in Sources */ = {isa = PBXBuildFile; fileRef = A0D74301293A512200977C5E /* bell_assignmentUITests.swift */; };
		A0D74304293A512200977C5E /* bell_assignmentUITestsLaunchTests.swift in Sources */ = {isa = PBXBuildFile; fileRef = A0D74303293A512200977C5E /* bell_assignmentUITestsLaunchTests.swift */; };
		A0D74313293A560E00977C5E /* CarRemoteService.swift in Sources */ = {isa = PBXBuildFile; fileRef = A0D74312293A560E00977C5E /* CarRemoteService.swift */; };
		A0D74315293A568400977C5E /* Car.swift in Sources */ = {isa = PBXBuildFile; fileRef = A0D74314293A568400977C5E /* Car.swift */; };
		A0D74317293A56BA00977C5E /* car_list.json in Resources */ = {isa = PBXBuildFile; fileRef = A0D74316293A56BA00977C5E /* car_list.json */; };
		A0D7431A293A60B700977C5E /* HomeViewModel.swift in Sources */ = {isa = PBXBuildFile; fileRef = A0D74319293A60B700977C5E /* HomeViewModel.swift */; };
		A0D7431D293A622E00977C5E /* CarTableViewCell.swift in Sources */ = {isa = PBXBuildFile; fileRef = A0D7431B293A622E00977C5E /* CarTableViewCell.swift */; };
		A0D7431E293A622E00977C5E /* CarTableViewCell.xib in Resources */ = {isa = PBXBuildFile; fileRef = A0D7431C293A622E00977C5E /* CarTableViewCell.xib */; };
		A0D74321293BBF4100977C5E /* TopAdTableViewCell.swift in Sources */ = {isa = PBXBuildFile; fileRef = A0D7431F293BBF4100977C5E /* TopAdTableViewCell.swift */; };
		A0D74322293BBF4100977C5E /* TopAdTableViewCell.xib in Resources */ = {isa = PBXBuildFile; fileRef = A0D74320293BBF4100977C5E /* TopAdTableViewCell.xib */; };
		A0D74325293BC22900977C5E /* UIViewController+Extensions.swift in Sources */ = {isa = PBXBuildFile; fileRef = A0D74324293BC22900977C5E /* UIViewController+Extensions.swift */; };
		A0D74327293BD4AB00977C5E /* ProsConsView.swift in Sources */ = {isa = PBXBuildFile; fileRef = A0D74326293BD4AB00977C5E /* ProsConsView.swift */; };
		A0D74329293BD4CB00977C5E /* ProsConsView.xib in Resources */ = {isa = PBXBuildFile; fileRef = A0D74328293BD4CB00977C5E /* ProsConsView.xib */; };
		A0D7432D293BEA1C00977C5E /* CarFilterTableViewCell.swift in Sources */ = {isa = PBXBuildFile; fileRef = A0D7432B293BEA1C00977C5E /* CarFilterTableViewCell.swift */; };
		A0D7432E293BEA1C00977C5E /* CarFilterTableViewCell.xib in Resources */ = {isa = PBXBuildFile; fileRef = A0D7432C293BEA1C00977C5E /* CarFilterTableViewCell.xib */; };
		A0EEF58C293BF61300A70F63 /* FiltersPickerView.swift in Sources */ = {isa = PBXBuildFile; fileRef = A0EEF58B293BF61300A70F63 /* FiltersPickerView.swift */; };
		A0EEF58E293BF62200A70F63 /* FiltersPickerView.xib in Resources */ = {isa = PBXBuildFile; fileRef = A0EEF58D293BF62200A70F63 /* FiltersPickerView.xib */; };
		A0EEF591293C1F2500A70F63 /* CarsDataStore.xcdatamodeld in Sources */ = {isa = PBXBuildFile; fileRef = A0EEF58F293C1F2500A70F63 /* CarsDataStore.xcdatamodeld */; };
		A0EEF598293C2C0200A70F63 /* CoreDataStack.swift in Sources */ = {isa = PBXBuildFile; fileRef = A0EEF597293C2C0200A70F63 /* CoreDataStack.swift */; };
		A0EEF59A293C2F4E00A70F63 /* CarLocalService.swift in Sources */ = {isa = PBXBuildFile; fileRef = A0EEF599293C2F4E00A70F63 /* CarLocalService.swift */; };
		A0EEF59D293C36D100A70F63 /* CarModel+CoreDataClass.swift in Sources */ = {isa = PBXBuildFile; fileRef = A0EEF59B293C36D100A70F63 /* CarModel+CoreDataClass.swift */; };
		A0EEF59E293C36D100A70F63 /* CarModel+CoreDataProperties.swift in Sources */ = {isa = PBXBuildFile; fileRef = A0EEF59C293C36D100A70F63 /* CarModel+CoreDataProperties.swift */; };
		A0EEF5A0293C496100A70F63 /* CarRepository.swift in Sources */ = {isa = PBXBuildFile; fileRef = A0EEF59F293C496100A70F63 /* CarRepository.swift */; };
/* End PBXBuildFile section */

/* Begin PBXContainerItemProxy section */
		A0D742F4293A512200977C5E /* PBXContainerItemProxy */ = {
			isa = PBXContainerItemProxy;
			containerPortal = A0D742D5293A511E00977C5E /* Project object */;
			proxyType = 1;
			remoteGlobalIDString = A0D742DC293A511E00977C5E;
			remoteInfo = "bell-assignment";
		};
		A0D742FE293A512200977C5E /* PBXContainerItemProxy */ = {
			isa = PBXContainerItemProxy;
			containerPortal = A0D742D5293A511E00977C5E /* Project object */;
			proxyType = 1;
			remoteGlobalIDString = A0D742DC293A511E00977C5E;
			remoteInfo = "bell-assignment";
		};
/* End PBXContainerItemProxy section */

/* Begin PBXFileReference section */
		A0D742DD293A511E00977C5E /* bell-assignment.app */ = {isa = PBXFileReference; explicitFileType = wrapper.application; includeInIndex = 0; path = "bell-assignment.app"; sourceTree = BUILT_PRODUCTS_DIR; };
		A0D742E0293A511E00977C5E /* AppDelegate.swift */ = {isa = PBXFileReference; lastKnownFileType = sourcecode.swift; path = AppDelegate.swift; sourceTree = "<group>"; };
		A0D742E2293A511E00977C5E /* SceneDelegate.swift */ = {isa = PBXFileReference; lastKnownFileType = sourcecode.swift; path = SceneDelegate.swift; sourceTree = "<group>"; };
		A0D742E4293A511E00977C5E /* HomeViewController.swift */ = {isa = PBXFileReference; lastKnownFileType = sourcecode.swift; path = HomeViewController.swift; sourceTree = "<group>"; };
		A0D742E7293A511E00977C5E /* Base */ = {isa = PBXFileReference; lastKnownFileType = file.storyboard; name = Base; path = Base.lproj/Main.storyboard; sourceTree = "<group>"; };
		A0D742E9293A512100977C5E /* Assets.xcassets */ = {isa = PBXFileReference; lastKnownFileType = folder.assetcatalog; path = Assets.xcassets; sourceTree = "<group>"; };
		A0D742EC293A512100977C5E /* Base */ = {isa = PBXFileReference; lastKnownFileType = file.storyboard; name = Base; path = Base.lproj/LaunchScreen.storyboard; sourceTree = "<group>"; };
		A0D742EE293A512100977C5E /* Info.plist */ = {isa = PBXFileReference; lastKnownFileType = text.plist.xml; path = Info.plist; sourceTree = "<group>"; };
		A0D742F3293A512200977C5E /* bell-assignmentTests.xctest */ = {isa = PBXFileReference; explicitFileType = wrapper.cfbundle; includeInIndex = 0; path = "bell-assignmentTests.xctest"; sourceTree = BUILT_PRODUCTS_DIR; };
		A0D742F7293A512200977C5E /* bell_assignmentTests.swift */ = {isa = PBXFileReference; lastKnownFileType = sourcecode.swift; path = bell_assignmentTests.swift; sourceTree = "<group>"; };
		A0D742FD293A512200977C5E /* bell-assignmentUITests.xctest */ = {isa = PBXFileReference; explicitFileType = wrapper.cfbundle; includeInIndex = 0; path = "bell-assignmentUITests.xctest"; sourceTree = BUILT_PRODUCTS_DIR; };
		A0D74301293A512200977C5E /* bell_assignmentUITests.swift */ = {isa = PBXFileReference; lastKnownFileType = sourcecode.swift; path = bell_assignmentUITests.swift; sourceTree = "<group>"; };
		A0D74303293A512200977C5E /* bell_assignmentUITestsLaunchTests.swift */ = {isa = PBXFileReference; lastKnownFileType = sourcecode.swift; path = bell_assignmentUITestsLaunchTests.swift; sourceTree = "<group>"; };
		A0D74312293A560E00977C5E /* CarRemoteService.swift */ = {isa = PBXFileReference; lastKnownFileType = sourcecode.swift; path = CarRemoteService.swift; sourceTree = "<group>"; };
		A0D74314293A568400977C5E /* Car.swift */ = {isa = PBXFileReference; lastKnownFileType = sourcecode.swift; path = Car.swift; sourceTree = "<group>"; };
		A0D74316293A56BA00977C5E /* car_list.json */ = {isa = PBXFileReference; lastKnownFileType = text.json; path = car_list.json; sourceTree = "<group>"; };
		A0D74319293A60B700977C5E /* HomeViewModel.swift */ = {isa = PBXFileReference; lastKnownFileType = sourcecode.swift; path = HomeViewModel.swift; sourceTree = "<group>"; };
		A0D7431B293A622E00977C5E /* CarTableViewCell.swift */ = {isa = PBXFileReference; lastKnownFileType = sourcecode.swift; path = CarTableViewCell.swift; sourceTree = "<group>"; };
		A0D7431C293A622E00977C5E /* CarTableViewCell.xib */ = {isa = PBXFileReference; lastKnownFileType = file.xib; path = CarTableViewCell.xib; sourceTree = "<group>"; };
		A0D7431F293BBF4100977C5E /* TopAdTableViewCell.swift */ = {isa = PBXFileReference; lastKnownFileType = sourcecode.swift; path = TopAdTableViewCell.swift; sourceTree = "<group>"; };
		A0D74320293BBF4100977C5E /* TopAdTableViewCell.xib */ = {isa = PBXFileReference; lastKnownFileType = file.xib; path = TopAdTableViewCell.xib; sourceTree = "<group>"; };
		A0D74324293BC22900977C5E /* UIViewController+Extensions.swift */ = {isa = PBXFileReference; lastKnownFileType = sourcecode.swift; path = "UIViewController+Extensions.swift"; sourceTree = "<group>"; };
		A0D74326293BD4AB00977C5E /* ProsConsView.swift */ = {isa = PBXFileReference; lastKnownFileType = sourcecode.swift; path = ProsConsView.swift; sourceTree = "<group>"; };
		A0D74328293BD4CB00977C5E /* ProsConsView.xib */ = {isa = PBXFileReference; lastKnownFileType = file.xib; path = ProsConsView.xib; sourceTree = "<group>"; };
		A0D7432B293BEA1C00977C5E /* CarFilterTableViewCell.swift */ = {isa = PBXFileReference; lastKnownFileType = sourcecode.swift; path = CarFilterTableViewCell.swift; sourceTree = "<group>"; };
		A0D7432C293BEA1C00977C5E /* CarFilterTableViewCell.xib */ = {isa = PBXFileReference; lastKnownFileType = file.xib; path = CarFilterTableViewCell.xib; sourceTree = "<group>"; };
		A0EEF58B293BF61300A70F63 /* FiltersPickerView.swift */ = {isa = PBXFileReference; lastKnownFileType = sourcecode.swift; path = FiltersPickerView.swift; sourceTree = "<group>"; };
		A0EEF58D293BF62200A70F63 /* FiltersPickerView.xib */ = {isa = PBXFileReference; lastKnownFileType = file.xib; path = FiltersPickerView.xib; sourceTree = "<group>"; };
		A0EEF590293C1F2500A70F63 /* CarsDataStore.xcdatamodel */ = {isa = PBXFileReference; lastKnownFileType = wrapper.xcdatamodel; path = CarsDataStore.xcdatamodel; sourceTree = "<group>"; };
		A0EEF597293C2C0200A70F63 /* CoreDataStack.swift */ = {isa = PBXFileReference; lastKnownFileType = sourcecode.swift; path = CoreDataStack.swift; sourceTree = "<group>"; };
		A0EEF599293C2F4E00A70F63 /* CarLocalService.swift */ = {isa = PBXFileReference; lastKnownFileType = sourcecode.swift; path = CarLocalService.swift; sourceTree = "<group>"; };
		A0EEF59B293C36D100A70F63 /* CarModel+CoreDataClass.swift */ = {isa = PBXFileReference; lastKnownFileType = sourcecode.swift; path = "CarModel+CoreDataClass.swift"; sourceTree = "<group>"; };
		A0EEF59C293C36D100A70F63 /* CarModel+CoreDataProperties.swift */ = {isa = PBXFileReference; lastKnownFileType = sourcecode.swift; path = "CarModel+CoreDataProperties.swift"; sourceTree = "<group>"; };
		A0EEF59F293C496100A70F63 /* CarRepository.swift */ = {isa = PBXFileReference; lastKnownFileType = sourcecode.swift; path = CarRepository.swift; sourceTree = "<group>"; };
/* End PBXFileReference section */

/* Begin PBXFrameworksBuildPhase section */
		A0D742DA293A511E00977C5E /* Frameworks */ = {
			isa = PBXFrameworksBuildPhase;
			buildActionMask = 2147483647;
			files = (
			);
			runOnlyForDeploymentPostprocessing = 0;
		};
		A0D742F0293A512200977C5E /* Frameworks */ = {
			isa = PBXFrameworksBuildPhase;
			buildActionMask = 2147483647;
			files = (
			);
			runOnlyForDeploymentPostprocessing = 0;
		};
		A0D742FA293A512200977C5E /* Frameworks */ = {
			isa = PBXFrameworksBuildPhase;
			buildActionMask = 2147483647;
			files = (
			);
			runOnlyForDeploymentPostprocessing = 0;
		};
/* End PBXFrameworksBuildPhase section */

/* Begin PBXGroup section */
		A0D742D4293A511E00977C5E = {
			isa = PBXGroup;
			children = (
				A0D742DF293A511E00977C5E /* bell-assignment */,
				A0D742F6293A512200977C5E /* bell-assignmentTests */,
				A0D74300293A512200977C5E /* bell-assignmentUITests */,
				A0D742DE293A511E00977C5E /* Products */,
			);
			sourceTree = "<group>";
		};
		A0D742DE293A511E00977C5E /* Products */ = {
			isa = PBXGroup;
			children = (
				A0D742DD293A511E00977C5E /* bell-assignment.app */,
				A0D742F3293A512200977C5E /* bell-assignmentTests.xctest */,
				A0D742FD293A512200977C5E /* bell-assignmentUITests.xctest */,
			);
			name = Products;
			sourceTree = "<group>";
		};
		A0D742DF293A511E00977C5E /* bell-assignment */ = {
			isa = PBXGroup;
			children = (
				A0EEF58F293C1F2500A70F63 /* CarsDataStore.xcdatamodeld */,
				A0EEF596293C2BE200A70F63 /* CoreData */,
				A0D74310293A556E00977C5E /* Services */,
				A0D74323293BC20E00977C5E /* Extensions */,
				A0D74311293A557800977C5E /* UseCase */,
				A0D742E0293A511E00977C5E /* AppDelegate.swift */,
				A0D742E2293A511E00977C5E /* SceneDelegate.swift */,
				A0D742E6293A511E00977C5E /* Main.storyboard */,
				A0D742E9293A512100977C5E /* Assets.xcassets */,
				A0D742EB293A512100977C5E /* LaunchScreen.storyboard */,
				A0D742EE293A512100977C5E /* Info.plist */,
			);
			path = "bell-assignment";
			sourceTree = "<group>";
		};
		A0D742F6293A512200977C5E /* bell-assignmentTests */ = {
			isa = PBXGroup;
			children = (
				A0D742F7293A512200977C5E /* bell_assignmentTests.swift */,
			);
			path = "bell-assignmentTests";
			sourceTree = "<group>";
		};
		A0D74300293A512200977C5E /* bell-assignmentUITests */ = {
			isa = PBXGroup;
			children = (
				A0D74301293A512200977C5E /* bell_assignmentUITests.swift */,
				A0D74303293A512200977C5E /* bell_assignmentUITestsLaunchTests.swift */,
			);
			path = "bell-assignmentUITests";
			sourceTree = "<group>";
		};
		A0D74310293A556E00977C5E /* Services */ = {
			isa = PBXGroup;
			children = (
				A0D74316293A56BA00977C5E /* car_list.json */,
				A0D74312293A560E00977C5E /* CarRemoteService.swift */,
			);
			path = Services;
			sourceTree = "<group>";
		};
		A0D74311293A557800977C5E /* UseCase */ = {
			isa = PBXGroup;
			children = (
				A0D74318293A5FEF00977C5E /* Home */,
			);
			path = UseCase;
			sourceTree = "<group>";
		};
		A0D74318293A5FEF00977C5E /* Home */ = {
			isa = PBXGroup;
			children = (
				A0D7432A293BD4D800977C5E /* reusable views */,
				A0D742E4293A511E00977C5E /* HomeViewController.swift */,
				A0D74319293A60B700977C5E /* HomeViewModel.swift */,
				A0D74314293A568400977C5E /* Car.swift */,
				A0EEF59F293C496100A70F63 /* CarRepository.swift */,
			);
			path = Home;
			sourceTree = "<group>";
		};
		A0D74323293BC20E00977C5E /* Extensions */ = {
			isa = PBXGroup;
			children = (
				A0D74324293BC22900977C5E /* UIViewController+Extensions.swift */,
			);
			path = Extensions;
			sourceTree = "<group>";
		};
		A0D7432A293BD4D800977C5E /* reusable views */ = {
			isa = PBXGroup;
			children = (
				A0D7431B293A622E00977C5E /* CarTableViewCell.swift */,
				A0D7431C293A622E00977C5E /* CarTableViewCell.xib */,
				A0D7431F293BBF4100977C5E /* TopAdTableViewCell.swift */,
				A0D74320293BBF4100977C5E /* TopAdTableViewCell.xib */,
				A0D74326293BD4AB00977C5E /* ProsConsView.swift */,
				A0D74328293BD4CB00977C5E /* ProsConsView.xib */,
				A0D7432B293BEA1C00977C5E /* CarFilterTableViewCell.swift */,
				A0D7432C293BEA1C00977C5E /* CarFilterTableViewCell.xib */,
				A0EEF58B293BF61300A70F63 /* FiltersPickerView.swift */,
				A0EEF58D293BF62200A70F63 /* FiltersPickerView.xib */,
			);
			path = "reusable views";
			sourceTree = "<group>";
		};
		A0EEF596293C2BE200A70F63 /* CoreData */ = {
			isa = PBXGroup;
			children = (
				A0EEF59B293C36D100A70F63 /* CarModel+CoreDataClass.swift */,
				A0EEF59C293C36D100A70F63 /* CarModel+CoreDataProperties.swift */,
				A0EEF597293C2C0200A70F63 /* CoreDataStack.swift */,
				A0EEF599293C2F4E00A70F63 /* CarLocalService.swift */,
			);
			path = CoreData;
			sourceTree = "<group>";
		};
/* End PBXGroup section */

/* Begin PBXNativeTarget section */
		A0D742DC293A511E00977C5E /* bell-assignment */ = {
			isa = PBXNativeTarget;
			buildConfigurationList = A0D74307293A512200977C5E /* Build configuration list for PBXNativeTarget "bell-assignment" */;
			buildPhases = (
				A0D742D9293A511E00977C5E /* Sources */,
				A0D742DA293A511E00977C5E /* Frameworks */,
				A0D742DB293A511E00977C5E /* Resources */,
			);
			buildRules = (
			);
			dependencies = (
			);
			name = "bell-assignment";
			productName = "bell-assignment";
			productReference = A0D742DD293A511E00977C5E /* bell-assignment.app */;
			productType = "com.apple.product-type.application";
		};
		A0D742F2293A512200977C5E /* bell-assignmentTests */ = {
			isa = PBXNativeTarget;
			buildConfigurationList = A0D7430A293A512200977C5E /* Build configuration list for PBXNativeTarget "bell-assignmentTests" */;
			buildPhases = (
				A0D742EF293A512200977C5E /* Sources */,
				A0D742F0293A512200977C5E /* Frameworks */,
				A0D742F1293A512200977C5E /* Resources */,
			);
			buildRules = (
			);
			dependencies = (
				A0D742F5293A512200977C5E /* PBXTargetDependency */,
			);
			name = "bell-assignmentTests";
			productName = "bell-assignmentTests";
			productReference = A0D742F3293A512200977C5E /* bell-assignmentTests.xctest */;
			productType = "com.apple.product-type.bundle.unit-test";
		};
		A0D742FC293A512200977C5E /* bell-assignmentUITests */ = {
			isa = PBXNativeTarget;
			buildConfigurationList = A0D7430D293A512200977C5E /* Build configuration list for PBXNativeTarget "bell-assignmentUITests" */;
			buildPhases = (
				A0D742F9293A512200977C5E /* Sources */,
				A0D742FA293A512200977C5E /* Frameworks */,
				A0D742FB293A512200977C5E /* Resources */,
			);
			buildRules = (
			);
			dependencies = (
				A0D742FF293A512200977C5E /* PBXTargetDependency */,
			);
			name = "bell-assignmentUITests";
			productName = "bell-assignmentUITests";
			productReference = A0D742FD293A512200977C5E /* bell-assignmentUITests.xctest */;
			productType = "com.apple.product-type.bundle.ui-testing";
		};
/* End PBXNativeTarget section */

/* Begin PBXProject section */
		A0D742D5293A511E00977C5E /* Project object */ = {
			isa = PBXProject;
			attributes = {
				BuildIndependentTargetsInParallel = 1;
				LastSwiftUpdateCheck = 1400;
				LastUpgradeCheck = 1400;
				TargetAttributes = {
					A0D742DC293A511E00977C5E = {
						CreatedOnToolsVersion = 14.0;
					};
					A0D742F2293A512200977C5E = {
						CreatedOnToolsVersion = 14.0;
						TestTargetID = A0D742DC293A511E00977C5E;
					};
					A0D742FC293A512200977C5E = {
						CreatedOnToolsVersion = 14.0;
						TestTargetID = A0D742DC293A511E00977C5E;
					};
				};
			};
			buildConfigurationList = A0D742D8293A511E00977C5E /* Build configuration list for PBXProject "bell-assignment" */;
			compatibilityVersion = "Xcode 14.0";
			developmentRegion = en;
			hasScannedForEncodings = 0;
			knownRegions = (
				en,
				Base,
			);
			mainGroup = A0D742D4293A511E00977C5E;
			productRefGroup = A0D742DE293A511E00977C5E /* Products */;
			projectDirPath = "";
			projectRoot = "";
			targets = (
				A0D742DC293A511E00977C5E /* bell-assignment */,
				A0D742F2293A512200977C5E /* bell-assignmentTests */,
				A0D742FC293A512200977C5E /* bell-assignmentUITests */,
			);
		};
/* End PBXProject section */

/* Begin PBXResourcesBuildPhase section */
		A0D742DB293A511E00977C5E /* Resources */ = {
			isa = PBXResourcesBuildPhase;
			buildActionMask = 2147483647;
			files = (
				A0D742ED293A512100977C5E /* LaunchScreen.storyboard in Resources */,
				A0D742EA293A512100977C5E /* Assets.xcassets in Resources */,
				A0D7432E293BEA1C00977C5E /* CarFilterTableViewCell.xib in Resources */,
				A0D74329293BD4CB00977C5E /* ProsConsView.xib in Resources */,
				A0D74322293BBF4100977C5E /* TopAdTableViewCell.xib in Resources */,
				A0D7431E293A622E00977C5E /* CarTableViewCell.xib in Resources */,
				A0D74317293A56BA00977C5E /* car_list.json in Resources */,
				A0D742E8293A511E00977C5E /* Main.storyboard in Resources */,
				A0EEF58E293BF62200A70F63 /* FiltersPickerView.xib in Resources */,
			);
			runOnlyForDeploymentPostprocessing = 0;
		};
		A0D742F1293A512200977C5E /* Resources */ = {
			isa = PBXResourcesBuildPhase;
			buildActionMask = 2147483647;
			files = (
			);
			runOnlyForDeploymentPostprocessing = 0;
		};
		A0D742FB293A512200977C5E /* Resources */ = {
			isa = PBXResourcesBuildPhase;
			buildActionMask = 2147483647;
			files = (
			);
			runOnlyForDeploymentPostprocessing = 0;
		};
/* End PBXResourcesBuildPhase section */

/* Begin PBXSourcesBuildPhase section */
		A0D742D9293A511E00977C5E /* Sources */ = {
			isa = PBXSourcesBuildPhase;
			buildActionMask = 2147483647;
			files = (
				A0EEF58C293BF61300A70F63 /* FiltersPickerView.swift in Sources */,
				A0D742E5293A511E00977C5E /* HomeViewController.swift in Sources */,
				A0EEF59D293C36D100A70F63 /* CarModel+CoreDataClass.swift in Sources */,
				A0D7431D293A622E00977C5E /* CarTableViewCell.swift in Sources */,
				A0D7431A293A60B700977C5E /* HomeViewModel.swift in Sources */,
				A0D742E1293A511E00977C5E /* AppDelegate.swift in Sources */,
				A0EEF59E293C36D100A70F63 /* CarModel+CoreDataProperties.swift in Sources */,
				A0D74325293BC22900977C5E /* UIViewController+Extensions.swift in Sources */,
				A0EEF591293C1F2500A70F63 /* CarsDataStore.xcdatamodeld in Sources */,
				A0EEF598293C2C0200A70F63 /* CoreDataStack.swift in Sources */,
				A0EEF5A0293C496100A70F63 /* CarRepository.swift in Sources */,
				A0D74315293A568400977C5E /* Car.swift in Sources */,
				A0D74313293A560E00977C5E /* CarRemoteService.swift in Sources */,
				A0D74321293BBF4100977C5E /* TopAdTableViewCell.swift in Sources */,
				A0D7432D293BEA1C00977C5E /* CarFilterTableViewCell.swift in Sources */,
				A0D742E3293A511E00977C5E /* SceneDelegate.swift in Sources */,
				A0D74327293BD4AB00977C5E /* ProsConsView.swift in Sources */,
				A0EEF59A293C2F4E00A70F63 /* CarLocalService.swift in Sources */,
			);
			runOnlyForDeploymentPostprocessing = 0;
		};
		A0D742EF293A512200977C5E /* Sources */ = {
			isa = PBXSourcesBuildPhase;
			buildActionMask = 2147483647;
			files = (
				A0D742F8293A512200977C5E /* bell_assignmentTests.swift in Sources */,
			);
			runOnlyForDeploymentPostprocessing = 0;
		};
		A0D742F9293A512200977C5E /* Sources */ = {
			isa = PBXSourcesBuildPhase;
			buildActionMask = 2147483647;
			files = (
				A0D74304293A512200977C5E /* bell_assignmentUITestsLaunchTests.swift in Sources */,
				A0D74302293A512200977C5E /* bell_assignmentUITests.swift in Sources */,
			);
			runOnlyForDeploymentPostprocessing = 0;
		};
/* End PBXSourcesBuildPhase section */

/* Begin PBXTargetDependency section */
		A0D742F5293A512200977C5E /* PBXTargetDependency */ = {
			isa = PBXTargetDependency;
			target = A0D742DC293A511E00977C5E /* bell-assignment */;
			targetProxy = A0D742F4293A512200977C5E /* PBXContainerItemProxy */;
		};
		A0D742FF293A512200977C5E /* PBXTargetDependency */ = {
			isa = PBXTargetDependency;
			target = A0D742DC293A511E00977C5E /* bell-assignment */;
			targetProxy = A0D742FE293A512200977C5E /* PBXContainerItemProxy */;
		};
/* End PBXTargetDependency section */

/* Begin PBXVariantGroup section */
		A0D742E6293A511E00977C5E /* Main.storyboard */ = {
			isa = PBXVariantGroup;
			children = (
				A0D742E7293A511E00977C5E /* Base */,
			);
			name = Main.storyboard;
			sourceTree = "<group>";
		};
		A0D742EB293A512100977C5E /* LaunchScreen.storyboard */ = {
			isa = PBXVariantGroup;
			children = (
				A0D742EC293A512100977C5E /* Base */,
			);
			name = LaunchScreen.storyboard;
			sourceTree = "<group>";
		};
/* End PBXVariantGroup section */

/* Begin XCBuildConfiguration section */
		A0D74305293A512200977C5E /* Debug */ = {
			isa = XCBuildConfiguration;
			buildSettings = {
				ALWAYS_SEARCH_USER_PATHS = NO;
				CLANG_ANALYZER_NONNULL = YES;
				CLANG_ANALYZER_NUMBER_OBJECT_CONVERSION = YES_AGGRESSIVE;
				CLANG_CXX_LANGUAGE_STANDARD = "gnu++20";
				CLANG_ENABLE_MODULES = YES;
				CLANG_ENABLE_OBJC_ARC = YES;
				CLANG_ENABLE_OBJC_WEAK = YES;
				CLANG_WARN_BLOCK_CAPTURE_AUTORELEASING = YES;
				CLANG_WARN_BOOL_CONVERSION = YES;
				CLANG_WARN_COMMA = YES;
				CLANG_WARN_CONSTANT_CONVERSION = YES;
				CLANG_WARN_DEPRECATED_OBJC_IMPLEMENTATIONS = YES;
				CLANG_WARN_DIRECT_OBJC_ISA_USAGE = YES_ERROR;
				CLANG_WARN_DOCUMENTATION_COMMENTS = YES;
				CLANG_WARN_EMPTY_BODY = YES;
				CLANG_WARN_ENUM_CONVERSION = YES;
				CLANG_WARN_INFINITE_RECURSION = YES;
				CLANG_WARN_INT_CONVERSION = YES;
				CLANG_WARN_NON_LITERAL_NULL_CONVERSION = YES;
				CLANG_WARN_OBJC_IMPLICIT_RETAIN_SELF = YES;
				CLANG_WARN_OBJC_LITERAL_CONVERSION = YES;
				CLANG_WARN_OBJC_ROOT_CLASS = YES_ERROR;
				CLANG_WARN_QUOTED_INCLUDE_IN_FRAMEWORK_HEADER = YES;
				CLANG_WARN_RANGE_LOOP_ANALYSIS = YES;
				CLANG_WARN_STRICT_PROTOTYPES = YES;
				CLANG_WARN_SUSPICIOUS_MOVE = YES;
				CLANG_WARN_UNGUARDED_AVAILABILITY = YES_AGGRESSIVE;
				CLANG_WARN_UNREACHABLE_CODE = YES;
				CLANG_WARN__DUPLICATE_METHOD_MATCH = YES;
				COPY_PHASE_STRIP = NO;
				DEBUG_INFORMATION_FORMAT = dwarf;
				ENABLE_STRICT_OBJC_MSGSEND = YES;
				ENABLE_TESTABILITY = YES;
				GCC_C_LANGUAGE_STANDARD = gnu11;
				GCC_DYNAMIC_NO_PIC = NO;
				GCC_NO_COMMON_BLOCKS = YES;
				GCC_OPTIMIZATION_LEVEL = 0;
				GCC_PREPROCESSOR_DEFINITIONS = (
					"DEBUG=1",
					"$(inherited)",
				);
				GCC_WARN_64_TO_32_BIT_CONVERSION = YES;
				GCC_WARN_ABOUT_RETURN_TYPE = YES_ERROR;
				GCC_WARN_UNDECLARED_SELECTOR = YES;
				GCC_WARN_UNINITIALIZED_AUTOS = YES_AGGRESSIVE;
				GCC_WARN_UNUSED_FUNCTION = YES;
				GCC_WARN_UNUSED_VARIABLE = YES;
				IPHONEOS_DEPLOYMENT_TARGET = 16.0;
				MTL_ENABLE_DEBUG_INFO = INCLUDE_SOURCE;
				MTL_FAST_MATH = YES;
				ONLY_ACTIVE_ARCH = YES;
				SDKROOT = iphoneos;
				SWIFT_ACTIVE_COMPILATION_CONDITIONS = DEBUG;
				SWIFT_OPTIMIZATION_LEVEL = "-Onone";
			};
			name = Debug;
		};
		A0D74306293A512200977C5E /* Release */ = {
			isa = XCBuildConfiguration;
			buildSettings = {
				ALWAYS_SEARCH_USER_PATHS = NO;
				CLANG_ANALYZER_NONNULL = YES;
				CLANG_ANALYZER_NUMBER_OBJECT_CONVERSION = YES_AGGRESSIVE;
				CLANG_CXX_LANGUAGE_STANDARD = "gnu++20";
				CLANG_ENABLE_MODULES = YES;
				CLANG_ENABLE_OBJC_ARC = YES;
				CLANG_ENABLE_OBJC_WEAK = YES;
				CLANG_WARN_BLOCK_CAPTURE_AUTORELEASING = YES;
				CLANG_WARN_BOOL_CONVERSION = YES;
				CLANG_WARN_COMMA = YES;
				CLANG_WARN_CONSTANT_CONVERSION = YES;
				CLANG_WARN_DEPRECATED_OBJC_IMPLEMENTATIONS = YES;
				CLANG_WARN_DIRECT_OBJC_ISA_USAGE = YES_ERROR;
				CLANG_WARN_DOCUMENTATION_COMMENTS = YES;
				CLANG_WARN_EMPTY_BODY = YES;
				CLANG_WARN_ENUM_CONVERSION = YES;
				CLANG_WARN_INFINITE_RECURSION = YES;
				CLANG_WARN_INT_CONVERSION = YES;
				CLANG_WARN_NON_LITERAL_NULL_CONVERSION = YES;
				CLANG_WARN_OBJC_IMPLICIT_RETAIN_SELF = YES;
				CLANG_WARN_OBJC_LITERAL_CONVERSION = YES;
				CLANG_WARN_OBJC_ROOT_CLASS = YES_ERROR;
				CLANG_WARN_QUOTED_INCLUDE_IN_FRAMEWORK_HEADER = YES;
				CLANG_WARN_RANGE_LOOP_ANALYSIS = YES;
				CLANG_WARN_STRICT_PROTOTYPES = YES;
				CLANG_WARN_SUSPICIOUS_MOVE = YES;
				CLANG_WARN_UNGUARDED_AVAILABILITY = YES_AGGRESSIVE;
				CLANG_WARN_UNREACHABLE_CODE = YES;
				CLANG_WARN__DUPLICATE_METHOD_MATCH = YES;
				COPY_PHASE_STRIP = NO;
				DEBUG_INFORMATION_FORMAT = "dwarf-with-dsym";
				ENABLE_NS_ASSERTIONS = NO;
				ENABLE_STRICT_OBJC_MSGSEND = YES;
				GCC_C_LANGUAGE_STANDARD = gnu11;
				GCC_NO_COMMON_BLOCKS = YES;
				GCC_WARN_64_TO_32_BIT_CONVERSION = YES;
				GCC_WARN_ABOUT_RETURN_TYPE = YES_ERROR;
				GCC_WARN_UNDECLARED_SELECTOR = YES;
				GCC_WARN_UNINITIALIZED_AUTOS = YES_AGGRESSIVE;
				GCC_WARN_UNUSED_FUNCTION = YES;
				GCC_WARN_UNUSED_VARIABLE = YES;
				IPHONEOS_DEPLOYMENT_TARGET = 16.0;
				MTL_ENABLE_DEBUG_INFO = NO;
				MTL_FAST_MATH = YES;
				SDKROOT = iphoneos;
				SWIFT_COMPILATION_MODE = wholemodule;
				SWIFT_OPTIMIZATION_LEVEL = "-O";
				VALIDATE_PRODUCT = YES;
			};
			name = Release;
		};
		A0D74308293A512200977C5E /* Debug */ = {
			isa = XCBuildConfiguration;
			buildSettings = {
				ASSETCATALOG_COMPILER_APPICON_NAME = AppIcon;
				ASSETCATALOG_COMPILER_GLOBAL_ACCENT_COLOR_NAME = AccentColor;
				CODE_SIGN_STYLE = Automatic;
				CURRENT_PROJECT_VERSION = 1;
				DEVELOPMENT_TEAM = EQV48EW98J;
				GENERATE_INFOPLIST_FILE = YES;
				INFOPLIST_FILE = "bell-assignment/Info.plist";
				INFOPLIST_KEY_UIApplicationSupportsIndirectInputEvents = YES;
				INFOPLIST_KEY_UILaunchStoryboardName = LaunchScreen;
				INFOPLIST_KEY_UIMainStoryboardFile = Main;
				INFOPLIST_KEY_UISupportedInterfaceOrientations_iPad = "UIInterfaceOrientationPortrait UIInterfaceOrientationPortraitUpsideDown UIInterfaceOrientationLandscapeLeft UIInterfaceOrientationLandscapeRight";
				INFOPLIST_KEY_UISupportedInterfaceOrientations_iPhone = "UIInterfaceOrientationPortrait UIInterfaceOrientationLandscapeLeft UIInterfaceOrientationLandscapeRight";
				IPHONEOS_DEPLOYMENT_TARGET = 16.0;
				LD_RUNPATH_SEARCH_PATHS = (
					"$(inherited)",
					"@executable_path/Frameworks",
				);
				MARKETING_VERSION = 1.0;
				PRODUCT_BUNDLE_IDENTIFIER = "com.nithaparan.bell-assignment";
				PRODUCT_NAME = "$(TARGET_NAME)";
				SWIFT_EMIT_LOC_STRINGS = YES;
				SWIFT_VERSION = 5.0;
				TARGETED_DEVICE_FAMILY = "1,2";
			};
			name = Debug;
		};
		A0D74309293A512200977C5E /* Release */ = {
			isa = XCBuildConfiguration;
			buildSettings = {
				ASSETCATALOG_COMPILER_APPICON_NAME = AppIcon;
				ASSETCATALOG_COMPILER_GLOBAL_ACCENT_COLOR_NAME = AccentColor;
				CODE_SIGN_STYLE = Automatic;
				CURRENT_PROJECT_VERSION = 1;
				DEVELOPMENT_TEAM = EQV48EW98J;
				GENERATE_INFOPLIST_FILE = YES;
				INFOPLIST_FILE = "bell-assignment/Info.plist";
				INFOPLIST_KEY_UIApplicationSupportsIndirectInputEvents = YES;
				INFOPLIST_KEY_UILaunchStoryboardName = LaunchScreen;
				INFOPLIST_KEY_UIMainStoryboardFile = Main;
				INFOPLIST_KEY_UISupportedInterfaceOrientations_iPad = "UIInterfaceOrientationPortrait UIInterfaceOrientationPortraitUpsideDown UIInterfaceOrientationLandscapeLeft UIInterfaceOrientationLandscapeRight";
				INFOPLIST_KEY_UISupportedInterfaceOrientations_iPhone = "UIInterfaceOrientationPortrait UIInterfaceOrientationLandscapeLeft UIInterfaceOrientationLandscapeRight";
				IPHONEOS_DEPLOYMENT_TARGET = 16.0;
				LD_RUNPATH_SEARCH_PATHS = (
					"$(inherited)",
					"@executable_path/Frameworks",
				);
				MARKETING_VERSION = 1.0;
				PRODUCT_BUNDLE_IDENTIFIER = "com.nithaparan.bell-assignment";
				PRODUCT_NAME = "$(TARGET_NAME)";
				SWIFT_EMIT_LOC_STRINGS = YES;
				SWIFT_VERSION = 5.0;
				TARGETED_DEVICE_FAMILY = "1,2";
			};
			name = Release;
		};
		A0D7430B293A512200977C5E /* Debug */ = {
			isa = XCBuildConfiguration;
			buildSettings = {
				ALWAYS_EMBED_SWIFT_STANDARD_LIBRARIES = YES;
				BUNDLE_LOADER = "$(TEST_HOST)";
				CODE_SIGN_STYLE = Automatic;
				CURRENT_PROJECT_VERSION = 1;
				DEVELOPMENT_TEAM = EQV48EW98J;
				GENERATE_INFOPLIST_FILE = YES;
				IPHONEOS_DEPLOYMENT_TARGET = 16.0;
				MARKETING_VERSION = 1.0;
				PRODUCT_BUNDLE_IDENTIFIER = "com.nithaparan.bell-assignmentTests";
				PRODUCT_NAME = "$(TARGET_NAME)";
				SWIFT_EMIT_LOC_STRINGS = NO;
				SWIFT_VERSION = 5.0;
				TARGETED_DEVICE_FAMILY = "1,2";
				TEST_HOST = "$(BUILT_PRODUCTS_DIR)/bell-assignment.app/$(BUNDLE_EXECUTABLE_FOLDER_PATH)/bell-assignment";
			};
			name = Debug;
		};
		A0D7430C293A512200977C5E /* Release */ = {
			isa = XCBuildConfiguration;
			buildSettings = {
				ALWAYS_EMBED_SWIFT_STANDARD_LIBRARIES = YES;
				BUNDLE_LOADER = "$(TEST_HOST)";
				CODE_SIGN_STYLE = Automatic;
				CURRENT_PROJECT_VERSION = 1;
				DEVELOPMENT_TEAM = EQV48EW98J;
				GENERATE_INFOPLIST_FILE = YES;
				IPHONEOS_DEPLOYMENT_TARGET = 16.0;
				MARKETING_VERSION = 1.0;
				PRODUCT_BUNDLE_IDENTIFIER = "com.nithaparan.bell-assignmentTests";
				PRODUCT_NAME = "$(TARGET_NAME)";
				SWIFT_EMIT_LOC_STRINGS = NO;
				SWIFT_VERSION = 5.0;
				TARGETED_DEVICE_FAMILY = "1,2";
				TEST_HOST = "$(BUILT_PRODUCTS_DIR)/bell-assignment.app/$(BUNDLE_EXECUTABLE_FOLDER_PATH)/bell-assignment";
			};
			name = Release;
		};
		A0D7430E293A512200977C5E /* Debug */ = {
			isa = XCBuildConfiguration;
			buildSettings = {
				ALWAYS_EMBED_SWIFT_STANDARD_LIBRARIES = YES;
				CODE_SIGN_STYLE = Automatic;
				CURRENT_PROJECT_VERSION = 1;
				DEVELOPMENT_TEAM = EQV48EW98J;
				GENERATE_INFOPLIST_FILE = YES;
				MARKETING_VERSION = 1.0;
				PRODUCT_BUNDLE_IDENTIFIER = "com.nithaparan.bell-assignmentUITests";
				PRODUCT_NAME = "$(TARGET_NAME)";
				SWIFT_EMIT_LOC_STRINGS = NO;
				SWIFT_VERSION = 5.0;
				TARGETED_DEVICE_FAMILY = "1,2";
				TEST_TARGET_NAME = "bell-assignment";
			};
			name = Debug;
		};
		A0D7430F293A512200977C5E /* Release */ = {
			isa = XCBuildConfiguration;
			buildSettings = {
				ALWAYS_EMBED_SWIFT_STANDARD_LIBRARIES = YES;
				CODE_SIGN_STYLE = Automatic;
				CURRENT_PROJECT_VERSION = 1;
				DEVELOPMENT_TEAM = EQV48EW98J;
				GENERATE_INFOPLIST_FILE = YES;
				MARKETING_VERSION = 1.0;
				PRODUCT_BUNDLE_IDENTIFIER = "com.nithaparan.bell-assignmentUITests";
				PRODUCT_NAME = "$(TARGET_NAME)";
				SWIFT_EMIT_LOC_STRINGS = NO;
				SWIFT_VERSION = 5.0;
				TARGETED_DEVICE_FAMILY = "1,2";
				TEST_TARGET_NAME = "bell-assignment";
			};
			name = Release;
		};
/* End XCBuildConfiguration section */

/* Begin XCConfigurationList section */
		A0D742D8293A511E00977C5E /* Build configuration list for PBXProject "bell-assignment" */ = {
			isa = XCConfigurationList;
			buildConfigurations = (
				A0D74305293A512200977C5E /* Debug */,
				A0D74306293A512200977C5E /* Release */,
			);
			defaultConfigurationIsVisible = 0;
			defaultConfigurationName = Release;
		};
		A0D74307293A512200977C5E /* Build configuration list for PBXNativeTarget "bell-assignment" */ = {
			isa = XCConfigurationList;
			buildConfigurations = (
				A0D74308293A512200977C5E /* Debug */,
				A0D74309293A512200977C5E /* Release */,
			);
			defaultConfigurationIsVisible = 0;
			defaultConfigurationName = Release;
		};
		A0D7430A293A512200977C5E /* Build configuration list for PBXNativeTarget "bell-assignmentTests" */ = {
			isa = XCConfigurationList;
			buildConfigurations = (
				A0D7430B293A512200977C5E /* Debug */,
				A0D7430C293A512200977C5E /* Release */,
			);
			defaultConfigurationIsVisible = 0;
			defaultConfigurationName = Release;
		};
		A0D7430D293A512200977C5E /* Build configuration list for PBXNativeTarget "bell-assignmentUITests" */ = {
			isa = XCConfigurationList;
			buildConfigurations = (
				A0D7430E293A512200977C5E /* Debug */,
				A0D7430F293A512200977C5E /* Release */,
			);
			defaultConfigurationIsVisible = 0;
			defaultConfigurationName = Release;
		};
/* End XCConfigurationList section */

/* Begin XCVersionGroup section */
		A0EEF58F293C1F2500A70F63 /* CarsDataStore.xcdatamodeld */ = {
			isa = XCVersionGroup;
			children = (
				A0EEF590293C1F2500A70F63 /* CarsDataStore.xcdatamodel */,
			);
			currentVersion = A0EEF590293C1F2500A70F63 /* CarsDataStore.xcdatamodel */;
			path = CarsDataStore.xcdatamodeld;
			sourceTree = "<group>";
			versionGroupType = wrapper.xcdatamodel;
		};
/* End XCVersionGroup section */
	};
	rootObject = A0D742D5293A511E00977C5E /* Project object */;
}
